
Microsoft Visual Studio Solution File, Format Version 12.00
# Visual Studio Version 17
VisualStudioVersion = 17.2.32616.157
MinimumVisualStudioVersion = 10.0.40219.1
Project("{2150E333-8FDC-42A3-9474-1A3956D46DE8}") = "01 Client", "01 Client", "{D40A0C98-7C10-47EF-9369-01DA26B09662}"
EndProject
Project("{2150E333-8FDC-42A3-9474-1A3956D46DE8}") = "02 Api Gateways", "02 Api Gateways", "{388403BA-CE76-4D3B-AD23-9CEA969CDB8C}"
EndProject
Project("{2150E333-8FDC-42A3-9474-1A3956D46DE8}") = "03. Services", "03. Services", "{AC84B871-568A-461E-BE39-2385F99DCFF7}"
EndProject
Project("{2150E333-8FDC-42A3-9474-1A3956D46DE8}") = "01. Identity", "01. Identity", "{2A9FB98E-5599-4A09-98EC-99F3636830AB}"
EndProject
Project("{2150E333-8FDC-42A3-9474-1A3956D46DE8}") = "02. Client", "02. Client", "{FB891CDF-7884-45C4-B6D9-BAA1FFB198F8}"
EndProject
Project("{2150E333-8FDC-42A3-9474-1A3956D46DE8}") = "03. Account", "03. Account", "{6CE42065-C7C9-4B99-AB8E-495FE4284CE2}"
EndProject
Project("{2150E333-8FDC-42A3-9474-1A3956D46DE8}") = "04. Movements", "04. Movements", "{3C75D6C2-736D-40E4-9CA4-11A0C4458E90}"
EndProject
Project("{9A19103F-16F7-4668-BE54-9A1E7A4F7556}") = "ClientApp", "src\services\Client\ClientApp\ClientApp.csproj", "{26AAD93F-CE42-4D8A-85E1-81012543B1CB}"
EndProject
Project("{2150E333-8FDC-42A3-9474-1A3956D46DE8}") = "01. Api", "01. Api", "{48F1A055-4C2D-4EC1-BD77-CED084A68A79}"
EndProject
Project("{2150E333-8FDC-42A3-9474-1A3956D46DE8}") = "02. Service", "02. Service", "{BADB76B8-3127-4E37-BF1B-28B5C1BF1964}"
EndProject
Project("{2150E333-8FDC-42A3-9474-1A3956D46DE8}") = "03. Persistence", "03. Persistence", "{B0D9785E-517B-41C6-8D69-64E744E2ABBD}"
EndProject
Project("{2150E333-8FDC-42A3-9474-1A3956D46DE8}") = "04. Models", "04. Models", "{42CA418F-63F5-4939-BB00-C49140D292EA}"
EndProject
Project("{9A19103F-16F7-4668-BE54-9A1E7A4F7556}") = "ClientDomain", "src\services\Client\ClientDomain\ClientDomain.csproj", "{0D74DA8B-E30A-45D3-9A84-BEF7805E88E6}"
EndProject
Project("{9A19103F-16F7-4668-BE54-9A1E7A4F7556}") = "ClientPersistenceDatabase", "src\services\Client\ClientPersistenceDatabase\ClientPersistenceDatabase.csproj", "{7DA31BE9-4B16-4656-B6B8-3F5AAE18F448}"
EndProject
Project("{2150E333-8FDC-42A3-9474-1A3956D46DE8}") = "01.Api", "01.Api", "{64D340EB-975A-44EB-B5DB-60AFA2298EEF}"
EndProject
Project("{2150E333-8FDC-42A3-9474-1A3956D46DE8}") = "02.Service", "02.Service", "{2F164B08-21AE-410D-A124-821FBF84F19F}"
EndProject
Project("{2150E333-8FDC-42A3-9474-1A3956D46DE8}") = "03.Persistence", "03.Persistence", "{20465796-E325-4253-A1A4-A354BAC15949}"
EndProject
Project("{2150E333-8FDC-42A3-9474-1A3956D46DE8}") = "04.Model", "04.Model", "{21B262F4-7643-44F8-B357-589611EDA87D}"
EndProject
Project("{2150E333-8FDC-42A3-9474-1A3956D46DE8}") = "01.Api", "01.Api", "{42238170-2379-4CE5-85BC-38C43AF3A1B6}"
EndProject
Project("{2150E333-8FDC-42A3-9474-1A3956D46DE8}") = "02.Service", "02.Service", "{979DEAED-657E-4E02-8A20-01A42CF44DAB}"
EndProject
Project("{2150E333-8FDC-42A3-9474-1A3956D46DE8}") = "03.Persistence", "03.Persistence", "{170DCFDA-7A1E-4C90-8607-C4E06694A08C}"
EndProject
Project("{2150E333-8FDC-42A3-9474-1A3956D46DE8}") = "04.Model", "04.Model", "{505DFA22-8B8A-49D2-A1C5-C43B94F6EAE5}"
EndProject
Project("{9A19103F-16F7-4668-BE54-9A1E7A4F7556}") = "AccountDomain", "src\services\Account\AccountDomain\AccountDomain.csproj", "{5C97E886-0D7C-477B-AE43-D468F2BB6141}"
EndProject
Project("{9A19103F-16F7-4668-BE54-9A1E7A4F7556}") = "MovementDomain", "src\services\Movement\MovementDomain\MovementDomain.csproj", "{B89CDACD-DC67-4456-8DAC-2E7FC7C3D8FC}"
EndProject
Project("{9A19103F-16F7-4668-BE54-9A1E7A4F7556}") = "AccountApi", "src\services\Account\AccountApi\AccountApi.csproj", "{EF1336EA-2A89-45B6-8325-743397D56A41}"
EndProject
Project("{9A19103F-16F7-4668-BE54-9A1E7A4F7556}") = "AccountPersistenceDatabase", "src\services\Account\AccountPersistenceDatabase\AccountPersistenceDatabase.csproj", "{DACA8102-923C-4792-9F8A-23256690603F}"
EndProject
Project("{FAE04EC0-301F-11D3-BF4B-00C04F79EFBC}") = "MovementPersistenceDatabase", "src\services\Movement\MovementPersistenceDatabase\MovementPersistenceDatabase.csproj", "{28A732F9-8CA5-4033-A5A8-4DF1E4805FCC}"
EndProject
Project("{FAE04EC0-301F-11D3-BF4B-00C04F79EFBC}") = "AmmountApi", "src\services\Movement\AmmountApi\AmmountApi.csproj", "{5C0A717B-3B43-4C82-9F54-8DC62EA4AF86}"
EndProject
Project("{FAE04EC0-301F-11D3-BF4B-00C04F79EFBC}") = "Client.Service.Queries", "src\services\Client\Client.Service.Queries\Client.Service.Queries.csproj", "{E735EB69-950E-423F-9E46-826722C8BD3F}"
EndProject
Project("{2150E333-8FDC-42A3-9474-1A3956D46DE8}") = "05. Common", "05. Common", "{982411B9-12E2-4FAF-AA79-C7982BB16CC9}"
EndProject
Project("{2150E333-8FDC-42A3-9474-1A3956D46DE8}") = "01.Repository", "01.Repository", "{A1171077-9FD8-40FF-97FC-944C3191DD78}"
EndProject
Project("{FAE04EC0-301F-11D3-BF4B-00C04F79EFBC}") = "Common.Repository", "src\services\Common\Common.Repository\Common.Repository.csproj", "{DB12D579-6031-4584-8691-9342CD774114}"
EndProject
Project("{FAE04EC0-301F-11D3-BF4B-00C04F79EFBC}") = "ClientPersistenceDatabase.Contract", "src\services\Client\ClientPersistenceDatabase.Contract\ClientPersistenceDatabase.Contract.csproj", "{74EB9E8B-4E46-4AB7-A380-F4DE377D8F88}"
EndProject
Project("{2150E333-8FDC-42A3-9474-1A3956D46DE8}") = "05.DependencyResolver", "05.DependencyResolver", "{B31A7979-66BF-406C-8045-E7A995BE8E63}"
EndProject
Project("{FAE04EC0-301F-11D3-BF4B-00C04F79EFBC}") = "DependencyResolver", "src\services\Common\ClassLibrary1\DependencyResolver.csproj", "{996A524D-B0FC-44F0-A552-2DFAD461057C}"
EndProject
Project("{2150E333-8FDC-42A3-9474-1A3956D46DE8}") = "06.Mappers", "06.Mappers", "{5546502D-C556-4DA4-A5DC-D28B3C015F9B}"
EndProject
Project("{FAE04EC0-301F-11D3-BF4B-00C04F79EFBC}") = "Client.Mapper", "src\services\Client\Client.Mapper\Client.Mapper.csproj", "{91001B0E-FDFD-444F-B7FB-C64365597678}"
EndProject
Global
	GlobalSection(SolutionConfigurationPlatforms) = preSolution
		Debug|Any CPU = Debug|Any CPU
		Release|Any CPU = Release|Any CPU
	EndGlobalSection
	GlobalSection(ProjectConfigurationPlatforms) = postSolution
		{26AAD93F-CE42-4D8A-85E1-81012543B1CB}.Debug|Any CPU.ActiveCfg = Debug|Any CPU
		{26AAD93F-CE42-4D8A-85E1-81012543B1CB}.Debug|Any CPU.Build.0 = Debug|Any CPU
		{26AAD93F-CE42-4D8A-85E1-81012543B1CB}.Release|Any CPU.ActiveCfg = Release|Any CPU
		{26AAD93F-CE42-4D8A-85E1-81012543B1CB}.Release|Any CPU.Build.0 = Release|Any CPU
		{0D74DA8B-E30A-45D3-9A84-BEF7805E88E6}.Debug|Any CPU.ActiveCfg = Debug|Any CPU
		{0D74DA8B-E30A-45D3-9A84-BEF7805E88E6}.Debug|Any CPU.Build.0 = Debug|Any CPU
		{0D74DA8B-E30A-45D3-9A84-BEF7805E88E6}.Release|Any CPU.ActiveCfg = Release|Any CPU
		{0D74DA8B-E30A-45D3-9A84-BEF7805E88E6}.Release|Any CPU.Build.0 = Release|Any CPU
		{7DA31BE9-4B16-4656-B6B8-3F5AAE18F448}.Debug|Any CPU.ActiveCfg = Debug|Any CPU
		{7DA31BE9-4B16-4656-B6B8-3F5AAE18F448}.Debug|Any CPU.Build.0 = Debug|Any CPU
		{7DA31BE9-4B16-4656-B6B8-3F5AAE18F448}.Release|Any CPU.ActiveCfg = Release|Any CPU
		{7DA31BE9-4B16-4656-B6B8-3F5AAE18F448}.Release|Any CPU.Build.0 = Release|Any CPU
		{5C97E886-0D7C-477B-AE43-D468F2BB6141}.Debug|Any CPU.ActiveCfg = Debug|Any CPU
		{5C97E886-0D7C-477B-AE43-D468F2BB6141}.Debug|Any CPU.Build.0 = Debug|Any CPU
		{5C97E886-0D7C-477B-AE43-D468F2BB6141}.Release|Any CPU.ActiveCfg = Release|Any CPU
		{5C97E886-0D7C-477B-AE43-D468F2BB6141}.Release|Any CPU.Build.0 = Release|Any CPU
		{B89CDACD-DC67-4456-8DAC-2E7FC7C3D8FC}.Debug|Any CPU.ActiveCfg = Debug|Any CPU
		{B89CDACD-DC67-4456-8DAC-2E7FC7C3D8FC}.Debug|Any CPU.Build.0 = Debug|Any CPU
		{B89CDACD-DC67-4456-8DAC-2E7FC7C3D8FC}.Release|Any CPU.ActiveCfg = Release|Any CPU
		{B89CDACD-DC67-4456-8DAC-2E7FC7C3D8FC}.Release|Any CPU.Build.0 = Release|Any CPU
		{EF1336EA-2A89-45B6-8325-743397D56A41}.Debug|Any CPU.ActiveCfg = Debug|Any CPU
		{EF1336EA-2A89-45B6-8325-743397D56A41}.Debug|Any CPU.Build.0 = Debug|Any CPU
		{EF1336EA-2A89-45B6-8325-743397D56A41}.Release|Any CPU.ActiveCfg = Release|Any CPU
		{EF1336EA-2A89-45B6-8325-743397D56A41}.Release|Any CPU.Build.0 = Release|Any CPU
		{DACA8102-923C-4792-9F8A-23256690603F}.Debug|Any CPU.ActiveCfg = Debug|Any CPU
		{DACA8102-923C-4792-9F8A-23256690603F}.Debug|Any CPU.Build.0 = Debug|Any CPU
		{DACA8102-923C-4792-9F8A-23256690603F}.Release|Any CPU.ActiveCfg = Release|Any CPU
		{DACA8102-923C-4792-9F8A-23256690603F}.Release|Any CPU.Build.0 = Release|Any CPU
		{28A732F9-8CA5-4033-A5A8-4DF1E4805FCC}.Debug|Any CPU.ActiveCfg = Debug|Any CPU
		{28A732F9-8CA5-4033-A5A8-4DF1E4805FCC}.Debug|Any CPU.Build.0 = Debug|Any CPU
		{28A732F9-8CA5-4033-A5A8-4DF1E4805FCC}.Release|Any CPU.ActiveCfg = Release|Any CPU
		{28A732F9-8CA5-4033-A5A8-4DF1E4805FCC}.Release|Any CPU.Build.0 = Release|Any CPU
		{5C0A717B-3B43-4C82-9F54-8DC62EA4AF86}.Debug|Any CPU.ActiveCfg = Debug|Any CPU
		{5C0A717B-3B43-4C82-9F54-8DC62EA4AF86}.Debug|Any CPU.Build.0 = Debug|Any CPU
		{5C0A717B-3B43-4C82-9F54-8DC62EA4AF86}.Release|Any CPU.ActiveCfg = Release|Any CPU
		{5C0A717B-3B43-4C82-9F54-8DC62EA4AF86}.Release|Any CPU.Build.0 = Release|Any CPU
		{E735EB69-950E-423F-9E46-826722C8BD3F}.Debug|Any CPU.ActiveCfg = Debug|Any CPU
		{E735EB69-950E-423F-9E46-826722C8BD3F}.Debug|Any CPU.Build.0 = Debug|Any CPU
		{E735EB69-950E-423F-9E46-826722C8BD3F}.Release|Any CPU.ActiveCfg = Release|Any CPU
		{E735EB69-950E-423F-9E46-826722C8BD3F}.Release|Any CPU.Build.0 = Release|Any CPU
		{DB12D579-6031-4584-8691-9342CD774114}.Debug|Any CPU.ActiveCfg = Debug|Any CPU
		{DB12D579-6031-4584-8691-9342CD774114}.Debug|Any CPU.Build.0 = Debug|Any CPU
		{DB12D579-6031-4584-8691-9342CD774114}.Release|Any CPU.ActiveCfg = Release|Any CPU
		{DB12D579-6031-4584-8691-9342CD774114}.Release|Any CPU.Build.0 = Release|Any CPU
		{74EB9E8B-4E46-4AB7-A380-F4DE377D8F88}.Debug|Any CPU.ActiveCfg = Debug|Any CPU
		{74EB9E8B-4E46-4AB7-A380-F4DE377D8F88}.Debug|Any CPU.Build.0 = Debug|Any CPU
		{74EB9E8B-4E46-4AB7-A380-F4DE377D8F88}.Release|Any CPU.ActiveCfg = Release|Any CPU
		{74EB9E8B-4E46-4AB7-A380-F4DE377D8F88}.Release|Any CPU.Build.0 = Release|Any CPU
		{996A524D-B0FC-44F0-A552-2DFAD461057C}.Debug|Any CPU.ActiveCfg = Debug|Any CPU
		{996A524D-B0FC-44F0-A552-2DFAD461057C}.Debug|Any CPU.Build.0 = Debug|Any CPU
		{996A524D-B0FC-44F0-A552-2DFAD461057C}.Release|Any CPU.ActiveCfg = Release|Any CPU
		{996A524D-B0FC-44F0-A552-2DFAD461057C}.Release|Any CPU.Build.0 = Release|Any CPU
		{91001B0E-FDFD-444F-B7FB-C64365597678}.Debug|Any CPU.ActiveCfg = Debug|Any CPU
		{91001B0E-FDFD-444F-B7FB-C64365597678}.Debug|Any CPU.Build.0 = Debug|Any CPU
		{91001B0E-FDFD-444F-B7FB-C64365597678}.Release|Any CPU.ActiveCfg = Release|Any CPU
		{91001B0E-FDFD-444F-B7FB-C64365597678}.Release|Any CPU.Build.0 = Release|Any CPU
	EndGlobalSection
	GlobalSection(SolutionProperties) = preSolution
		HideSolutionNode = FALSE
	EndGlobalSection
	GlobalSection(NestedProjects) = preSolution
		{2A9FB98E-5599-4A09-98EC-99F3636830AB} = {AC84B871-568A-461E-BE39-2385F99DCFF7}
		{FB891CDF-7884-45C4-B6D9-BAA1FFB198F8} = {AC84B871-568A-461E-BE39-2385F99DCFF7}
		{6CE42065-C7C9-4B99-AB8E-495FE4284CE2} = {AC84B871-568A-461E-BE39-2385F99DCFF7}
		{3C75D6C2-736D-40E4-9CA4-11A0C4458E90} = {AC84B871-568A-461E-BE39-2385F99DCFF7}
		{26AAD93F-CE42-4D8A-85E1-81012543B1CB} = {48F1A055-4C2D-4EC1-BD77-CED084A68A79}
		{48F1A055-4C2D-4EC1-BD77-CED084A68A79} = {FB891CDF-7884-45C4-B6D9-BAA1FFB198F8}
		{BADB76B8-3127-4E37-BF1B-28B5C1BF1964} = {FB891CDF-7884-45C4-B6D9-BAA1FFB198F8}
		{B0D9785E-517B-41C6-8D69-64E744E2ABBD} = {FB891CDF-7884-45C4-B6D9-BAA1FFB198F8}
		{42CA418F-63F5-4939-BB00-C49140D292EA} = {FB891CDF-7884-45C4-B6D9-BAA1FFB198F8}
		{0D74DA8B-E30A-45D3-9A84-BEF7805E88E6} = {42CA418F-63F5-4939-BB00-C49140D292EA}
		{7DA31BE9-4B16-4656-B6B8-3F5AAE18F448} = {B0D9785E-517B-41C6-8D69-64E744E2ABBD}
		{64D340EB-975A-44EB-B5DB-60AFA2298EEF} = {6CE42065-C7C9-4B99-AB8E-495FE4284CE2}
		{2F164B08-21AE-410D-A124-821FBF84F19F} = {6CE42065-C7C9-4B99-AB8E-495FE4284CE2}
		{20465796-E325-4253-A1A4-A354BAC15949} = {6CE42065-C7C9-4B99-AB8E-495FE4284CE2}
		{21B262F4-7643-44F8-B357-589611EDA87D} = {6CE42065-C7C9-4B99-AB8E-495FE4284CE2}
		{42238170-2379-4CE5-85BC-38C43AF3A1B6} = {3C75D6C2-736D-40E4-9CA4-11A0C4458E90}
		{979DEAED-657E-4E02-8A20-01A42CF44DAB} = {3C75D6C2-736D-40E4-9CA4-11A0C4458E90}
		{170DCFDA-7A1E-4C90-8607-C4E06694A08C} = {3C75D6C2-736D-40E4-9CA4-11A0C4458E90}
		{505DFA22-8B8A-49D2-A1C5-C43B94F6EAE5} = {3C75D6C2-736D-40E4-9CA4-11A0C4458E90}
		{5C97E886-0D7C-477B-AE43-D468F2BB6141} = {21B262F4-7643-44F8-B357-589611EDA87D}
		{B89CDACD-DC67-4456-8DAC-2E7FC7C3D8FC} = {505DFA22-8B8A-49D2-A1C5-C43B94F6EAE5}
		{EF1336EA-2A89-45B6-8325-743397D56A41} = {64D340EB-975A-44EB-B5DB-60AFA2298EEF}
		{DACA8102-923C-4792-9F8A-23256690603F} = {20465796-E325-4253-A1A4-A354BAC15949}
		{28A732F9-8CA5-4033-A5A8-4DF1E4805FCC} = {170DCFDA-7A1E-4C90-8607-C4E06694A08C}
		{5C0A717B-3B43-4C82-9F54-8DC62EA4AF86} = {42238170-2379-4CE5-85BC-38C43AF3A1B6}
		{E735EB69-950E-423F-9E46-826722C8BD3F} = {BADB76B8-3127-4E37-BF1B-28B5C1BF1964}
		{982411B9-12E2-4FAF-AA79-C7982BB16CC9} = {AC84B871-568A-461E-BE39-2385F99DCFF7}
		{A1171077-9FD8-40FF-97FC-944C3191DD78} = {982411B9-12E2-4FAF-AA79-C7982BB16CC9}
		{DB12D579-6031-4584-8691-9342CD774114} = {A1171077-9FD8-40FF-97FC-944C3191DD78}
		{74EB9E8B-4E46-4AB7-A380-F4DE377D8F88} = {B0D9785E-517B-41C6-8D69-64E744E2ABBD}
		{B31A7979-66BF-406C-8045-E7A995BE8E63} = {FB891CDF-7884-45C4-B6D9-BAA1FFB198F8}
		{996A524D-B0FC-44F0-A552-2DFAD461057C} = {B31A7979-66BF-406C-8045-E7A995BE8E63}
		{5546502D-C556-4DA4-A5DC-D28B3C015F9B} = {FB891CDF-7884-45C4-B6D9-BAA1FFB198F8}
		{91001B0E-FDFD-444F-B7FB-C64365597678} = {5546502D-C556-4DA4-A5DC-D28B3C015F9B}
	EndGlobalSection
	GlobalSection(ExtensibilityGlobals) = postSolution
		SolutionGuid = {13E456AF-EE51-44E6-A0E4-7440DA1F4726}
	EndGlobalSection
EndGlobal
